// !$*UTF8*$!
{
	archiveVersion = 1;
	classes = {
	};
	objectVersion = 46;
	objects = {

/* Begin PBXBuildFile section */
		33194DB81CB9636400231EBE /* CorralonInterfaceController.swift in Sources */ = {isa = PBXBuildFile; fileRef = 33194DB71CB9636400231EBE /* CorralonInterfaceController.swift */; };
		33194DBA1CB963FE00231EBE /* Placa.swift in Sources */ = {isa = PBXBuildFile; fileRef = 33194DB91CB963FE00231EBE /* Placa.swift */; };
		3356CA5D1CB8A0C600A6A7C4 /* Interface.storyboard in Resources */ = {isa = PBXBuildFile; fileRef = 3356CA5B1CB8A0C600A6A7C4 /* Interface.storyboard */; };
		3356CA5F1CB8A0C600A6A7C4 /* Assets.xcassets in Resources */ = {isa = PBXBuildFile; fileRef = 3356CA5E1CB8A0C600A6A7C4 /* Assets.xcassets */; };
		3356CA661CB8A0C600A6A7C4 /* miPolicia Extension.appex in Embed App Extensions */ = {isa = PBXBuildFile; fileRef = 3356CA651CB8A0C600A6A7C4 /* miPolicia Extension.appex */; settings = {ATTRIBUTES = (RemoveHeadersOnCopy, ); }; };
		3356CA6B1CB8A0C600A6A7C4 /* InterfaceController.swift in Sources */ = {isa = PBXBuildFile; fileRef = 3356CA6A1CB8A0C600A6A7C4 /* InterfaceController.swift */; };
		3356CA6D1CB8A0C600A6A7C4 /* ExtensionDelegate.swift in Sources */ = {isa = PBXBuildFile; fileRef = 3356CA6C1CB8A0C600A6A7C4 /* ExtensionDelegate.swift */; };
		3356CA6F1CB8A0C600A6A7C4 /* Assets.xcassets in Resources */ = {isa = PBXBuildFile; fileRef = 3356CA6E1CB8A0C600A6A7C4 /* Assets.xcassets */; };
		3356CA731CB8A0C600A6A7C4 /* miPolicia.app in Embed Watch Content */ = {isa = PBXBuildFile; fileRef = 3356CA591CB8A0C600A6A7C4 /* miPolicia.app */; };
		3356CA7D1CB8A3A300A6A7C4 /* PickerInterfaceController.swift in Sources */ = {isa = PBXBuildFile; fileRef = 3356CA7C1CB8A3A300A6A7C4 /* PickerInterfaceController.swift */; };
		33D86D9E1CB9953100984A07 /* Assets.xcassets in Resources */ = {isa = PBXBuildFile; fileRef = 3356CA6E1CB8A0C600A6A7C4 /* Assets.xcassets */; };
		42E8F0231CBA080600017818 /* TuristicaViewController.swift in Sources */ = {isa = PBXBuildFile; fileRef = 42E8F0221CBA080600017818 /* TuristicaViewController.swift */; };
		42E8F0251CBA110D00017818 /* DenunciaViewController.swift in Sources */ = {isa = PBXBuildFile; fileRef = 42E8F0241CBA110D00017818 /* DenunciaViewController.swift */; };
		42E8F0271CBA218700017818 /* InfoTuristicaViewController.swift in Sources */ = {isa = PBXBuildFile; fileRef = 42E8F0261CBA218700017818 /* InfoTuristicaViewController.swift */; };
		5666C8DD1AF8046A00EAF9B4 /* AppDelegate.swift in Sources */ = {isa = PBXBuildFile; fileRef = 5666C8DC1AF8046A00EAF9B4 /* AppDelegate.swift */; };
		5666C8DF1AF8046A00EAF9B4 /* ViewController.swift in Sources */ = {isa = PBXBuildFile; fileRef = 5666C8DE1AF8046A00EAF9B4 /* ViewController.swift */; };
		5666C8E21AF8046A00EAF9B4 /* Main.storyboard in Resources */ = {isa = PBXBuildFile; fileRef = 5666C8E01AF8046A00EAF9B4 /* Main.storyboard */; };
		5666C8E41AF8046A00EAF9B4 /* Images.xcassets in Resources */ = {isa = PBXBuildFile; fileRef = 5666C8E31AF8046A00EAF9B4 /* Images.xcassets */; };
		5666C8E71AF8046A00EAF9B4 /* LaunchScreen.xib in Resources */ = {isa = PBXBuildFile; fileRef = 5666C8E51AF8046A00EAF9B4 /* LaunchScreen.xib */; };
		5666C8F31AF8046A00EAF9B4 /* SwiftMapKitTests.swift in Sources */ = {isa = PBXBuildFile; fileRef = 5666C8F21AF8046A00EAF9B4 /* SwiftMapKitTests.swift */; };
		B70336481CA385B200660BE2 /* ControladorBuscaTuCuadrante.swift in Sources */ = {isa = PBXBuildFile; fileRef = B70336471CA385B200660BE2 /* ControladorBuscaTuCuadrante.swift */; };
		B72CF9E51CB9C0C6000137CE /* ControladorBusquedaFacultadosInfraccionarViewController.swift in Sources */ = {isa = PBXBuildFile; fileRef = B72CF9E41CB9C0C6000137CE /* ControladorBusquedaFacultadosInfraccionarViewController.swift */; };
		B72CF9E71CB9C0D8000137CE /* ControladorBusquedaReglamento.swift in Sources */ = {isa = PBXBuildFile; fileRef = B72CF9E61CB9C0D8000137CE /* ControladorBusquedaReglamento.swift */; };
		B72CF9E91CB9C2AF000137CE /* ControladorBusquedaSeguridadPrivada.swift in Sources */ = {isa = PBXBuildFile; fileRef = B72CF9E81CB9C2AF000137CE /* ControladorBusquedaSeguridadPrivada.swift */; };
		B72CF9ED1CBA9CDF000137CE /* ControladorRedSocial.swift in Sources */ = {isa = PBXBuildFile; fileRef = B72CF9EC1CBA9CDF000137CE /* ControladorRedSocial.swift */; };
		B78306661CC9E5D00078FED9 /* OverlayFotodenuncia.swift in Sources */ = {isa = PBXBuildFile; fileRef = B78306651CC9E5D00078FED9 /* OverlayFotodenuncia.swift */; };
		B78306691CC9E8A20078FED9 /* OverlayFotodenunciaControlador.swift in Sources */ = {isa = PBXBuildFile; fileRef = B78306671CC9E8A20078FED9 /* OverlayFotodenunciaControlador.swift */; };
		B783066A1CC9E8A20078FED9 /* OverlayFotodenunciaControlador.xib in Resources */ = {isa = PBXBuildFile; fileRef = B78306681CC9E8A20078FED9 /* OverlayFotodenunciaControlador.xib */; };
		B7B529E91C9A49790000BF7B /* ControladorBusquedaPlacas.swift in Sources */ = {isa = PBXBuildFile; fileRef = B7B529E81C9A49790000BF7B /* ControladorBusquedaPlacas.swift */; };
		B7F9FBBD1CBB1FCF00FC7668 /* ControladorDireccionCorralon.swift in Sources */ = {isa = PBXBuildFile; fileRef = B7F9FBBC1CBB1FCF00FC7668 /* ControladorDireccionCorralon.swift */; };
		B7F9FBBF1CBB396100FC7668 /* ControladorFacultados.swift in Sources */ = {isa = PBXBuildFile; fileRef = B7F9FBBE1CBB396100FC7668 /* ControladorFacultados.swift */; };
		B7F9FBC11CBB42DC00FC7668 /* ControladorTablaFacultados.swift in Sources */ = {isa = PBXBuildFile; fileRef = B7F9FBC01CBB42DC00FC7668 /* ControladorTablaFacultados.swift */; };
		B7F9FBC51CBB4B6700FC7668 /* ControladorRenglones.swift in Sources */ = {isa = PBXBuildFile; fileRef = B7F9FBC41CBB4B6700FC7668 /* ControladorRenglones.swift */; };
		B7F9FBC71CBB4ED600FC7668 /* ControladorDetallesResultadosInterfaceController.swift in Sources */ = {isa = PBXBuildFile; fileRef = B7F9FBC61CBB4ED600FC7668 /* ControladorDetallesResultadosInterfaceController.swift */; };
/* End PBXBuildFile section */

/* Begin PBXContainerItemProxy section */
		3356CA671CB8A0C600A6A7C4 /* PBXContainerItemProxy */ = {
			isa = PBXContainerItemProxy;
			containerPortal = 5666C8CF1AF8046A00EAF9B4 /* Project object */;
			proxyType = 1;
			remoteGlobalIDString = 3356CA641CB8A0C600A6A7C4;
			remoteInfo = "miPolicia Extension";
		};
		3356CA711CB8A0C600A6A7C4 /* PBXContainerItemProxy */ = {
			isa = PBXContainerItemProxy;
			containerPortal = 5666C8CF1AF8046A00EAF9B4 /* Project object */;
			proxyType = 1;
			remoteGlobalIDString = 3356CA581CB8A0C600A6A7C4;
			remoteInfo = miPolicia;
		};
		5666C8ED1AF8046A00EAF9B4 /* PBXContainerItemProxy */ = {
			isa = PBXContainerItemProxy;
			containerPortal = 5666C8CF1AF8046A00EAF9B4 /* Project object */;
			proxyType = 1;
			remoteGlobalIDString = 5666C8D61AF8046A00EAF9B4;
			remoteInfo = SwiftMapKit;
		};
/* End PBXContainerItemProxy section */

/* Begin PBXCopyFilesBuildPhase section */
		3356CA791CB8A0C600A6A7C4 /* Embed App Extensions */ = {
			isa = PBXCopyFilesBuildPhase;
			buildActionMask = 2147483647;
			dstPath = "";
			dstSubfolderSpec = 13;
			files = (
				3356CA661CB8A0C600A6A7C4 /* miPolicia Extension.appex in Embed App Extensions */,
			);
			name = "Embed App Extensions";
			runOnlyForDeploymentPostprocessing = 0;
		};
		3356CA7B1CB8A0C600A6A7C4 /* Embed Watch Content */ = {
			isa = PBXCopyFilesBuildPhase;
			buildActionMask = 2147483647;
			dstPath = "$(CONTENTS_FOLDER_PATH)/Watch";
			dstSubfolderSpec = 16;
			files = (
				3356CA731CB8A0C600A6A7C4 /* miPolicia.app in Embed Watch Content */,
			);
			name = "Embed Watch Content";
			runOnlyForDeploymentPostprocessing = 0;
		};
/* End PBXCopyFilesBuildPhase section */

/* Begin PBXFileReference section */
		33194DB71CB9636400231EBE /* CorralonInterfaceController.swift */ = {isa = PBXFileReference; fileEncoding = 4; lastKnownFileType = sourcecode.swift; path = CorralonInterfaceController.swift; sourceTree = "<group>"; };
		33194DB91CB963FE00231EBE /* Placa.swift */ = {isa = PBXFileReference; fileEncoding = 4; lastKnownFileType = sourcecode.swift; path = Placa.swift; sourceTree = "<group>"; };
		3356CA591CB8A0C600A6A7C4 /* miPolicia.app */ = {isa = PBXFileReference; explicitFileType = wrapper.application; includeInIndex = 0; path = miPolicia.app; sourceTree = BUILT_PRODUCTS_DIR; };
		3356CA5C1CB8A0C600A6A7C4 /* Base */ = {isa = PBXFileReference; lastKnownFileType = file.storyboard; name = Base; path = Base.lproj/Interface.storyboard; sourceTree = "<group>"; };
		3356CA5E1CB8A0C600A6A7C4 /* Assets.xcassets */ = {isa = PBXFileReference; lastKnownFileType = folder.assetcatalog; path = Assets.xcassets; sourceTree = "<group>"; };
		3356CA601CB8A0C600A6A7C4 /* Info.plist */ = {isa = PBXFileReference; lastKnownFileType = text.plist.xml; path = Info.plist; sourceTree = "<group>"; };
		3356CA651CB8A0C600A6A7C4 /* miPolicia Extension.appex */ = {isa = PBXFileReference; explicitFileType = "wrapper.app-extension"; includeInIndex = 0; path = "miPolicia Extension.appex"; sourceTree = BUILT_PRODUCTS_DIR; };
		3356CA6A1CB8A0C600A6A7C4 /* InterfaceController.swift */ = {isa = PBXFileReference; lastKnownFileType = sourcecode.swift; path = InterfaceController.swift; sourceTree = "<group>"; };
		3356CA6C1CB8A0C600A6A7C4 /* ExtensionDelegate.swift */ = {isa = PBXFileReference; lastKnownFileType = sourcecode.swift; path = ExtensionDelegate.swift; sourceTree = "<group>"; };
		3356CA6E1CB8A0C600A6A7C4 /* Assets.xcassets */ = {isa = PBXFileReference; lastKnownFileType = folder.assetcatalog; path = Assets.xcassets; sourceTree = "<group>"; };
		3356CA701CB8A0C600A6A7C4 /* Info.plist */ = {isa = PBXFileReference; lastKnownFileType = text.plist.xml; path = Info.plist; sourceTree = "<group>"; };
		3356CA7C1CB8A3A300A6A7C4 /* PickerInterfaceController.swift */ = {isa = PBXFileReference; fileEncoding = 4; lastKnownFileType = sourcecode.swift; path = PickerInterfaceController.swift; sourceTree = "<group>"; };
		42E8F0221CBA080600017818 /* TuristicaViewController.swift */ = {isa = PBXFileReference; fileEncoding = 4; lastKnownFileType = sourcecode.swift; path = TuristicaViewController.swift; sourceTree = "<group>"; };
		42E8F0241CBA110D00017818 /* DenunciaViewController.swift */ = {isa = PBXFileReference; fileEncoding = 4; lastKnownFileType = sourcecode.swift; path = DenunciaViewController.swift; sourceTree = "<group>"; };
		42E8F0261CBA218700017818 /* InfoTuristicaViewController.swift */ = {isa = PBXFileReference; fileEncoding = 4; lastKnownFileType = sourcecode.swift; path = InfoTuristicaViewController.swift; sourceTree = "<group>"; };
		5666C8D71AF8046A00EAF9B4 /* Mi Policia.app */ = {isa = PBXFileReference; explicitFileType = wrapper.application; includeInIndex = 0; path = "Mi Policia.app"; sourceTree = BUILT_PRODUCTS_DIR; };
		5666C8DB1AF8046A00EAF9B4 /* Info.plist */ = {isa = PBXFileReference; lastKnownFileType = text.plist.xml; path = Info.plist; sourceTree = "<group>"; };
		5666C8DC1AF8046A00EAF9B4 /* AppDelegate.swift */ = {isa = PBXFileReference; lastKnownFileType = sourcecode.swift; path = AppDelegate.swift; sourceTree = "<group>"; };
		5666C8DE1AF8046A00EAF9B4 /* ViewController.swift */ = {isa = PBXFileReference; lastKnownFileType = sourcecode.swift; path = ViewController.swift; sourceTree = "<group>"; };
		5666C8E11AF8046A00EAF9B4 /* Base */ = {isa = PBXFileReference; lastKnownFileType = file.storyboard; name = Base; path = Base.lproj/Main.storyboard; sourceTree = "<group>"; };
		5666C8E31AF8046A00EAF9B4 /* Images.xcassets */ = {isa = PBXFileReference; lastKnownFileType = folder.assetcatalog; path = Images.xcassets; sourceTree = "<group>"; };
		5666C8E61AF8046A00EAF9B4 /* Base */ = {isa = PBXFileReference; lastKnownFileType = file.xib; name = Base; path = Base.lproj/LaunchScreen.xib; sourceTree = "<group>"; };
		5666C8EC1AF8046A00EAF9B4 /* Mi Policia.xctest */ = {isa = PBXFileReference; explicitFileType = wrapper.cfbundle; includeInIndex = 0; path = "Mi Policia.xctest"; sourceTree = BUILT_PRODUCTS_DIR; };
		5666C8F11AF8046A00EAF9B4 /* Info.plist */ = {isa = PBXFileReference; lastKnownFileType = text.plist.xml; path = Info.plist; sourceTree = "<group>"; };
		5666C8F21AF8046A00EAF9B4 /* SwiftMapKitTests.swift */ = {isa = PBXFileReference; lastKnownFileType = sourcecode.swift; path = SwiftMapKitTests.swift; sourceTree = "<group>"; };
		B70336471CA385B200660BE2 /* ControladorBuscaTuCuadrante.swift */ = {isa = PBXFileReference; fileEncoding = 4; lastKnownFileType = sourcecode.swift; path = ControladorBuscaTuCuadrante.swift; sourceTree = "<group>"; };
		B72CF9E41CB9C0C6000137CE /* ControladorBusquedaFacultadosInfraccionarViewController.swift */ = {isa = PBXFileReference; fileEncoding = 4; lastKnownFileType = sourcecode.swift; path = ControladorBusquedaFacultadosInfraccionarViewController.swift; sourceTree = "<group>"; };
		B72CF9E61CB9C0D8000137CE /* ControladorBusquedaReglamento.swift */ = {isa = PBXFileReference; fileEncoding = 4; lastKnownFileType = sourcecode.swift; path = ControladorBusquedaReglamento.swift; sourceTree = "<group>"; };
		B72CF9E81CB9C2AF000137CE /* ControladorBusquedaSeguridadPrivada.swift */ = {isa = PBXFileReference; fileEncoding = 4; lastKnownFileType = sourcecode.swift; path = ControladorBusquedaSeguridadPrivada.swift; sourceTree = "<group>"; };
		B72CF9EC1CBA9CDF000137CE /* ControladorRedSocial.swift */ = {isa = PBXFileReference; fileEncoding = 4; lastKnownFileType = sourcecode.swift; path = ControladorRedSocial.swift; sourceTree = "<group>"; };
		B78306651CC9E5D00078FED9 /* OverlayFotodenuncia.swift */ = {isa = PBXFileReference; fileEncoding = 4; lastKnownFileType = sourcecode.swift; path = OverlayFotodenuncia.swift; sourceTree = "<group>"; };
		B78306671CC9E8A20078FED9 /* OverlayFotodenunciaControlador.swift */ = {isa = PBXFileReference; fileEncoding = 4; lastKnownFileType = sourcecode.swift; path = OverlayFotodenunciaControlador.swift; sourceTree = "<group>"; };
		B78306681CC9E8A20078FED9 /* OverlayFotodenunciaControlador.xib */ = {isa = PBXFileReference; fileEncoding = 4; lastKnownFileType = file.xib; path = OverlayFotodenunciaControlador.xib; sourceTree = "<group>"; };
		B7B529E81C9A49790000BF7B /* ControladorBusquedaPlacas.swift */ = {isa = PBXFileReference; fileEncoding = 4; lastKnownFileType = sourcecode.swift; path = ControladorBusquedaPlacas.swift; sourceTree = "<group>"; };
		B7F9FBBC1CBB1FCF00FC7668 /* ControladorDireccionCorralon.swift */ = {isa = PBXFileReference; fileEncoding = 4; lastKnownFileType = sourcecode.swift; path = ControladorDireccionCorralon.swift; sourceTree = "<group>"; };
		B7F9FBBE1CBB396100FC7668 /* ControladorFacultados.swift */ = {isa = PBXFileReference; fileEncoding = 4; lastKnownFileType = sourcecode.swift; path = ControladorFacultados.swift; sourceTree = "<group>"; };
		B7F9FBC01CBB42DC00FC7668 /* ControladorTablaFacultados.swift */ = {isa = PBXFileReference; fileEncoding = 4; lastKnownFileType = sourcecode.swift; path = ControladorTablaFacultados.swift; sourceTree = "<group>"; };
		B7F9FBC41CBB4B6700FC7668 /* ControladorRenglones.swift */ = {isa = PBXFileReference; fileEncoding = 4; lastKnownFileType = sourcecode.swift; path = ControladorRenglones.swift; sourceTree = "<group>"; };
		B7F9FBC61CBB4ED600FC7668 /* ControladorDetallesResultadosInterfaceController.swift */ = {isa = PBXFileReference; fileEncoding = 4; lastKnownFileType = sourcecode.swift; path = ControladorDetallesResultadosInterfaceController.swift; sourceTree = "<group>"; };
/* End PBXFileReference section */

/* Begin PBXFrameworksBuildPhase section */
		3356CA621CB8A0C600A6A7C4 /* Frameworks */ = {
			isa = PBXFrameworksBuildPhase;
			buildActionMask = 2147483647;
			files = (
			);
			runOnlyForDeploymentPostprocessing = 0;
		};
		5666C8D41AF8046A00EAF9B4 /* Frameworks */ = {
			isa = PBXFrameworksBuildPhase;
			buildActionMask = 2147483647;
			files = (
			);
			runOnlyForDeploymentPostprocessing = 0;
		};
		5666C8E91AF8046A00EAF9B4 /* Frameworks */ = {
			isa = PBXFrameworksBuildPhase;
			buildActionMask = 2147483647;
			files = (
			);
			runOnlyForDeploymentPostprocessing = 0;
		};
/* End PBXFrameworksBuildPhase section */

/* Begin PBXGroup section */
		3356CA5A1CB8A0C600A6A7C4 /* miPolicia */ = {
			isa = PBXGroup;
			children = (
				3356CA5B1CB8A0C600A6A7C4 /* Interface.storyboard */,
				3356CA5E1CB8A0C600A6A7C4 /* Assets.xcassets */,
				3356CA601CB8A0C600A6A7C4 /* Info.plist */,
			);
			path = miPolicia;
			sourceTree = "<group>";
		};
		3356CA691CB8A0C600A6A7C4 /* miPolicia Extension */ = {
			isa = PBXGroup;
			children = (
				3356CA6A1CB8A0C600A6A7C4 /* InterfaceController.swift */,
				3356CA6C1CB8A0C600A6A7C4 /* ExtensionDelegate.swift */,
				3356CA6E1CB8A0C600A6A7C4 /* Assets.xcassets */,
				3356CA701CB8A0C600A6A7C4 /* Info.plist */,
				3356CA7C1CB8A3A300A6A7C4 /* PickerInterfaceController.swift */,
				33194DB71CB9636400231EBE /* CorralonInterfaceController.swift */,
				33194DB91CB963FE00231EBE /* Placa.swift */,
				B7F9FBBE1CBB396100FC7668 /* ControladorFacultados.swift */,
				B7F9FBC01CBB42DC00FC7668 /* ControladorTablaFacultados.swift */,
				B7F9FBC41CBB4B6700FC7668 /* ControladorRenglones.swift */,
				B7F9FBC61CBB4ED600FC7668 /* ControladorDetallesResultadosInterfaceController.swift */,
			);
			path = "miPolicia Extension";
			sourceTree = "<group>";
		};
		5666C8CE1AF8046A00EAF9B4 = {
			isa = PBXGroup;
			children = (
				5666C8D91AF8046A00EAF9B4 /* SwiftMapKit */,
				5666C8EF1AF8046A00EAF9B4 /* SwiftMapKitTests */,
				3356CA5A1CB8A0C600A6A7C4 /* miPolicia */,
				3356CA691CB8A0C600A6A7C4 /* miPolicia Extension */,
				5666C8D81AF8046A00EAF9B4 /* Products */,
			);
			sourceTree = "<group>";
		};
		5666C8D81AF8046A00EAF9B4 /* Products */ = {
			isa = PBXGroup;
			children = (
				5666C8D71AF8046A00EAF9B4 /* Mi Policia.app */,
				5666C8EC1AF8046A00EAF9B4 /* Mi Policia.xctest */,
				3356CA591CB8A0C600A6A7C4 /* miPolicia.app */,
				3356CA651CB8A0C600A6A7C4 /* miPolicia Extension.appex */,
			);
			name = Products;
			sourceTree = "<group>";
		};
		5666C8D91AF8046A00EAF9B4 /* SwiftMapKit */ = {
			isa = PBXGroup;
			children = (
				5666C8DC1AF8046A00EAF9B4 /* AppDelegate.swift */,
				5666C8DE1AF8046A00EAF9B4 /* ViewController.swift */,
				5666C8E01AF8046A00EAF9B4 /* Main.storyboard */,
				5666C8E31AF8046A00EAF9B4 /* Images.xcassets */,
				5666C8E51AF8046A00EAF9B4 /* LaunchScreen.xib */,
				5666C8DA1AF8046A00EAF9B4 /* Supporting Files */,
				B7B529E81C9A49790000BF7B /* ControladorBusquedaPlacas.swift */,
				42E8F0221CBA080600017818 /* TuristicaViewController.swift */,
				B70336471CA385B200660BE2 /* ControladorBuscaTuCuadrante.swift */,
				B72CF9E41CB9C0C6000137CE /* ControladorBusquedaFacultadosInfraccionarViewController.swift */,
				B72CF9E61CB9C0D8000137CE /* ControladorBusquedaReglamento.swift */,
				B72CF9E81CB9C2AF000137CE /* ControladorBusquedaSeguridadPrivada.swift */,
				42E8F0241CBA110D00017818 /* DenunciaViewController.swift */,
				42E8F0261CBA218700017818 /* InfoTuristicaViewController.swift */,
				B72CF9EC1CBA9CDF000137CE /* ControladorRedSocial.swift */,
				B7F9FBBC1CBB1FCF00FC7668 /* ControladorDireccionCorralon.swift */,
				B78306651CC9E5D00078FED9 /* OverlayFotodenuncia.swift */,
				B78306671CC9E8A20078FED9 /* OverlayFotodenunciaControlador.swift */,
				B78306681CC9E8A20078FED9 /* OverlayFotodenunciaControlador.xib */,
			);
			path = SwiftMapKit;
			sourceTree = "<group>";
		};
		5666C8DA1AF8046A00EAF9B4 /* Supporting Files */ = {
			isa = PBXGroup;
			children = (
				5666C8DB1AF8046A00EAF9B4 /* Info.plist */,
			);
			name = "Supporting Files";
			sourceTree = "<group>";
		};
		5666C8EF1AF8046A00EAF9B4 /* SwiftMapKitTests */ = {
			isa = PBXGroup;
			children = (
				5666C8F21AF8046A00EAF9B4 /* SwiftMapKitTests.swift */,
				5666C8F01AF8046A00EAF9B4 /* Supporting Files */,
			);
			path = SwiftMapKitTests;
			sourceTree = "<group>";
		};
		5666C8F01AF8046A00EAF9B4 /* Supporting Files */ = {
			isa = PBXGroup;
			children = (
				5666C8F11AF8046A00EAF9B4 /* Info.plist */,
			);
			name = "Supporting Files";
			sourceTree = "<group>";
		};
/* End PBXGroup section */

/* Begin PBXNativeTarget section */
		3356CA581CB8A0C600A6A7C4 /* miPolicia */ = {
			isa = PBXNativeTarget;
			buildConfigurationList = 3356CA7A1CB8A0C600A6A7C4 /* Build configuration list for PBXNativeTarget "miPolicia" */;
			buildPhases = (
				3356CA571CB8A0C600A6A7C4 /* Resources */,
				3356CA791CB8A0C600A6A7C4 /* Embed App Extensions */,
			);
			buildRules = (
			);
			dependencies = (
				3356CA681CB8A0C600A6A7C4 /* PBXTargetDependency */,
			);
			name = miPolicia;
			productName = miPolicia;
			productReference = 3356CA591CB8A0C600A6A7C4 /* miPolicia.app */;
			productType = "com.apple.product-type.application.watchapp2";
		};
		3356CA641CB8A0C600A6A7C4 /* miPolicia Extension */ = {
			isa = PBXNativeTarget;
			buildConfigurationList = 3356CA781CB8A0C600A6A7C4 /* Build configuration list for PBXNativeTarget "miPolicia Extension" */;
			buildPhases = (
				3356CA611CB8A0C600A6A7C4 /* Sources */,
				3356CA621CB8A0C600A6A7C4 /* Frameworks */,
				3356CA631CB8A0C600A6A7C4 /* Resources */,
			);
			buildRules = (
			);
			dependencies = (
			);
			name = "miPolicia Extension";
			productName = "miPolicia Extension";
			productReference = 3356CA651CB8A0C600A6A7C4 /* miPolicia Extension.appex */;
			productType = "com.apple.product-type.watchkit2-extension";
		};
		5666C8D61AF8046A00EAF9B4 /* Mi Policia */ = {
			isa = PBXNativeTarget;
			buildConfigurationList = 5666C8F61AF8046A00EAF9B4 /* Build configuration list for PBXNativeTarget "Mi Policia" */;
			buildPhases = (
				5666C8D31AF8046A00EAF9B4 /* Sources */,
				5666C8D41AF8046A00EAF9B4 /* Frameworks */,
				5666C8D51AF8046A00EAF9B4 /* Resources */,
				3356CA7B1CB8A0C600A6A7C4 /* Embed Watch Content */,
			);
			buildRules = (
			);
			dependencies = (
				3356CA721CB8A0C600A6A7C4 /* PBXTargetDependency */,
			);
			name = "Mi Policia";
			productName = SwiftMapKit;
			productReference = 5666C8D71AF8046A00EAF9B4 /* Mi Policia.app */;
			productType = "com.apple.product-type.application";
		};
		5666C8EB1AF8046A00EAF9B4 /* Mi PoliciaTests */ = {
			isa = PBXNativeTarget;
			buildConfigurationList = 5666C8F91AF8046A00EAF9B4 /* Build configuration list for PBXNativeTarget "Mi PoliciaTests" */;
			buildPhases = (
				5666C8E81AF8046A00EAF9B4 /* Sources */,
				5666C8E91AF8046A00EAF9B4 /* Frameworks */,
				5666C8EA1AF8046A00EAF9B4 /* Resources */,
			);
			buildRules = (
			);
			dependencies = (
				5666C8EE1AF8046A00EAF9B4 /* PBXTargetDependency */,
			);
			name = "Mi PoliciaTests";
			productName = SwiftMapKitTests;
			productReference = 5666C8EC1AF8046A00EAF9B4 /* Mi Policia.xctest */;
			productType = "com.apple.product-type.bundle.unit-test";
		};
/* End PBXNativeTarget section */

/* Begin PBXProject section */
		5666C8CF1AF8046A00EAF9B4 /* Project object */ = {
			isa = PBXProject;
			attributes = {
				LastSwiftUpdateCheck = 0730;
				LastUpgradeCheck = 0730;
				ORGANIZATIONNAME = "Tec de Monterrey";
				TargetAttributes = {
					3356CA581CB8A0C600A6A7C4 = {
						CreatedOnToolsVersion = 7.3;
						DevelopmentTeam = 6UQ4R6Z493;
					};
					3356CA641CB8A0C600A6A7C4 = {
						CreatedOnToolsVersion = 7.3;
						DevelopmentTeam = 6UQ4R6Z493;
					};
					5666C8D61AF8046A00EAF9B4 = {
						CreatedOnToolsVersion = 6.3.1;
						DevelopmentTeam = 6UQ4R6Z493;
					};
					5666C8EB1AF8046A00EAF9B4 = {
						CreatedOnToolsVersion = 6.3.1;
						TestTargetID = 5666C8D61AF8046A00EAF9B4;
					};
				};
			};
			buildConfigurationList = 5666C8D21AF8046A00EAF9B4 /* Build configuration list for PBXProject "Mi Policia" */;
			compatibilityVersion = "Xcode 3.2";
			developmentRegion = English;
			hasScannedForEncodings = 0;
			knownRegions = (
				en,
				Base,
			);
			mainGroup = 5666C8CE1AF8046A00EAF9B4;
			productRefGroup = 5666C8D81AF8046A00EAF9B4 /* Products */;
			projectDirPath = "";
			projectRoot = "";
			targets = (
				5666C8D61AF8046A00EAF9B4 /* Mi Policia */,
				5666C8EB1AF8046A00EAF9B4 /* Mi PoliciaTests */,
				3356CA581CB8A0C600A6A7C4 /* miPolicia */,
				3356CA641CB8A0C600A6A7C4 /* miPolicia Extension */,
			);
		};
/* End PBXProject section */

/* Begin PBXResourcesBuildPhase section */
		3356CA571CB8A0C600A6A7C4 /* Resources */ = {
			isa = PBXResourcesBuildPhase;
			buildActionMask = 2147483647;
			files = (
				3356CA5F1CB8A0C600A6A7C4 /* Assets.xcassets in Resources */,
				33D86D9E1CB9953100984A07 /* Assets.xcassets in Resources */,
				3356CA5D1CB8A0C600A6A7C4 /* Interface.storyboard in Resources */,
			);
			runOnlyForDeploymentPostprocessing = 0;
		};
		3356CA631CB8A0C600A6A7C4 /* Resources */ = {
			isa = PBXResourcesBuildPhase;
			buildActionMask = 2147483647;
			files = (
				3356CA6F1CB8A0C600A6A7C4 /* Assets.xcassets in Resources */,
			);
			runOnlyForDeploymentPostprocessing = 0;
		};
		5666C8D51AF8046A00EAF9B4 /* Resources */ = {
			isa = PBXResourcesBuildPhase;
			buildActionMask = 2147483647;
			files = (
				5666C8E21AF8046A00EAF9B4 /* Main.storyboard in Resources */,
				5666C8E71AF8046A00EAF9B4 /* LaunchScreen.xib in Resources */,
				5666C8E41AF8046A00EAF9B4 /* Images.xcassets in Resources */,
				B783066A1CC9E8A20078FED9 /* OverlayFotodenunciaControlador.xib in Resources */,
			);
			runOnlyForDeploymentPostprocessing = 0;
		};
		5666C8EA1AF8046A00EAF9B4 /* Resources */ = {
			isa = PBXResourcesBuildPhase;
			buildActionMask = 2147483647;
			files = (
			);
			runOnlyForDeploymentPostprocessing = 0;
		};
/* End PBXResourcesBuildPhase section */

/* Begin PBXSourcesBuildPhase section */
		3356CA611CB8A0C600A6A7C4 /* Sources */ = {
			isa = PBXSourcesBuildPhase;
			buildActionMask = 2147483647;
			files = (
				B7F9FBC11CBB42DC00FC7668 /* ControladorTablaFacultados.swift in Sources */,
				B7F9FBC51CBB4B6700FC7668 /* ControladorRenglones.swift in Sources */,
				3356CA6D1CB8A0C600A6A7C4 /* ExtensionDelegate.swift in Sources */,
				B7F9FBBF1CBB396100FC7668 /* ControladorFacultados.swift in Sources */,
				3356CA6B1CB8A0C600A6A7C4 /* InterfaceController.swift in Sources */,
				3356CA7D1CB8A3A300A6A7C4 /* PickerInterfaceController.swift in Sources */,
				33194DB81CB9636400231EBE /* CorralonInterfaceController.swift in Sources */,
				33194DBA1CB963FE00231EBE /* Placa.swift in Sources */,
				B7F9FBC71CBB4ED600FC7668 /* ControladorDetallesResultadosInterfaceController.swift in Sources */,
			);
			runOnlyForDeploymentPostprocessing = 0;
		};
		5666C8D31AF8046A00EAF9B4 /* Sources */ = {
			isa = PBXSourcesBuildPhase;
			buildActionMask = 2147483647;
			files = (
				B7F9FBBD1CBB1FCF00FC7668 /* ControladorDireccionCorralon.swift in Sources */,
				B72CF9ED1CBA9CDF000137CE /* ControladorRedSocial.swift in Sources */,
				B72CF9E91CB9C2AF000137CE /* ControladorBusquedaSeguridadPrivada.swift in Sources */,
				5666C8DF1AF8046A00EAF9B4 /* ViewController.swift in Sources */,
				B7B529E91C9A49790000BF7B /* ControladorBusquedaPlacas.swift in Sources */,
				B72CF9E51CB9C0C6000137CE /* ControladorBusquedaFacultadosInfraccionarViewController.swift in Sources */,
				B72CF9E71CB9C0D8000137CE /* ControladorBusquedaReglamento.swift in Sources */,
				B78306691CC9E8A20078FED9 /* OverlayFotodenunciaControlador.swift in Sources */,
				5666C8DD1AF8046A00EAF9B4 /* AppDelegate.swift in Sources */,
				42E8F0251CBA110D00017818 /* DenunciaViewController.swift in Sources */,
				42E8F0271CBA218700017818 /* InfoTuristicaViewController.swift in Sources */,
				B70336481CA385B200660BE2 /* ControladorBuscaTuCuadrante.swift in Sources */,
				42E8F0231CBA080600017818 /* TuristicaViewController.swift in Sources */,
				B78306661CC9E5D00078FED9 /* OverlayFotodenuncia.swift in Sources */,
			);
			runOnlyForDeploymentPostprocessing = 0;
		};
		5666C8E81AF8046A00EAF9B4 /* Sources */ = {
			isa = PBXSourcesBuildPhase;
			buildActionMask = 2147483647;
			files = (
				5666C8F31AF8046A00EAF9B4 /* SwiftMapKitTests.swift in Sources */,
			);
			runOnlyForDeploymentPostprocessing = 0;
		};
/* End PBXSourcesBuildPhase section */

/* Begin PBXTargetDependency section */
		3356CA681CB8A0C600A6A7C4 /* PBXTargetDependency */ = {
			isa = PBXTargetDependency;
			target = 3356CA641CB8A0C600A6A7C4 /* miPolicia Extension */;
			targetProxy = 3356CA671CB8A0C600A6A7C4 /* PBXContainerItemProxy */;
		};
		3356CA721CB8A0C600A6A7C4 /* PBXTargetDependency */ = {
			isa = PBXTargetDependency;
			target = 3356CA581CB8A0C600A6A7C4 /* miPolicia */;
			targetProxy = 3356CA711CB8A0C600A6A7C4 /* PBXContainerItemProxy */;
		};
		5666C8EE1AF8046A00EAF9B4 /* PBXTargetDependency */ = {
			isa = PBXTargetDependency;
			target = 5666C8D61AF8046A00EAF9B4 /* Mi Policia */;
			targetProxy = 5666C8ED1AF8046A00EAF9B4 /* PBXContainerItemProxy */;
		};
/* End PBXTargetDependency section */

/* Begin PBXVariantGroup section */
		3356CA5B1CB8A0C600A6A7C4 /* Interface.storyboard */ = {
			isa = PBXVariantGroup;
			children = (
				3356CA5C1CB8A0C600A6A7C4 /* Base */,
			);
			name = Interface.storyboard;
			sourceTree = "<group>";
		};
		5666C8E01AF8046A00EAF9B4 /* Main.storyboard */ = {
			isa = PBXVariantGroup;
			children = (
				5666C8E11AF8046A00EAF9B4 /* Base */,
			);
			name = Main.storyboard;
			sourceTree = "<group>";
		};
		5666C8E51AF8046A00EAF9B4 /* LaunchScreen.xib */ = {
			isa = PBXVariantGroup;
			children = (
				5666C8E61AF8046A00EAF9B4 /* Base */,
			);
			name = LaunchScreen.xib;
			sourceTree = "<group>";
		};
/* End PBXVariantGroup section */

/* Begin XCBuildConfiguration section */
		3356CA741CB8A0C600A6A7C4 /* Debug */ = {
			isa = XCBuildConfiguration;
			buildSettings = {
				ASSETCATALOG_COMPILER_APPICON_NAME = AppIcon;
				CLANG_ANALYZER_NONNULL = YES;
				CODE_SIGN_IDENTITY = "iPhone Developer";
				"CODE_SIGN_IDENTITY[sdk=iphoneos*]" = "iPhone Developer";
				DEBUG_INFORMATION_FORMAT = dwarf;
				EMBEDDED_CONTENT_CONTAINS_SWIFT = YES;
				ENABLE_TESTABILITY = YES;
				IBSC_MODULE = miPolicia_Extension;
				INFOPLIST_FILE = miPolicia/Info.plist;
				PRODUCT_BUNDLE_IDENTIFIER = mx.itesm.ccm.miPolicia.v2.watchkitapp;
				PRODUCT_NAME = "$(TARGET_NAME)";
				SDKROOT = watchos;
				SKIP_INSTALL = YES;
				TARGETED_DEVICE_FAMILY = 4;
				WATCHOS_DEPLOYMENT_TARGET = 2.2;
			};
			name = Debug;
		};
		3356CA751CB8A0C600A6A7C4 /* Release */ = {
			isa = XCBuildConfiguration;
			buildSettings = {
				ASSETCATALOG_COMPILER_APPICON_NAME = AppIcon;
				CLANG_ANALYZER_NONNULL = YES;
				CODE_SIGN_IDENTITY = "iPhone Developer";
				"CODE_SIGN_IDENTITY[sdk=iphoneos*]" = "iPhone Developer";
				EMBEDDED_CONTENT_CONTAINS_SWIFT = YES;
				IBSC_MODULE = miPolicia_Extension;
				INFOPLIST_FILE = miPolicia/Info.plist;
				PRODUCT_BUNDLE_IDENTIFIER = mx.itesm.ccm.miPolicia.v2.watchkitapp;
				PRODUCT_NAME = "$(TARGET_NAME)";
				SDKROOT = watchos;
				SKIP_INSTALL = YES;
				TARGETED_DEVICE_FAMILY = 4;
				WATCHOS_DEPLOYMENT_TARGET = 2.2;
			};
			name = Release;
		};
		3356CA761CB8A0C600A6A7C4 /* Debug */ = {
			isa = XCBuildConfiguration;
			buildSettings = {
				CLANG_ANALYZER_NONNULL = YES;
				CODE_SIGN_IDENTITY = "iPhone Developer";
				"CODE_SIGN_IDENTITY[sdk=watchos*]" = "iPhone Developer";
				DEBUG_INFORMATION_FORMAT = dwarf;
				ENABLE_TESTABILITY = YES;
				INFOPLIST_FILE = "miPolicia Extension/Info.plist";
				LD_RUNPATH_SEARCH_PATHS = "$(inherited) @executable_path/Frameworks @executable_path/../../Frameworks";
				PRODUCT_BUNDLE_IDENTIFIER = mx.itesm.ccm.miPolicia.v2.watchkitapp.watchkitextension;
				PRODUCT_NAME = "${TARGET_NAME}";
				PROVISIONING_PROFILE = "";
				SDKROOT = watchos;
				SKIP_INSTALL = YES;
				TARGETED_DEVICE_FAMILY = 4;
				WATCHOS_DEPLOYMENT_TARGET = 2.2;
			};
			name = Debug;
		};
		3356CA771CB8A0C600A6A7C4 /* Release */ = {
			isa = XCBuildConfiguration;
			buildSettings = {
				CLANG_ANALYZER_NONNULL = YES;
				CODE_SIGN_IDENTITY = "iPhone Developer";
				"CODE_SIGN_IDENTITY[sdk=watchos*]" = "iPhone Developer";
				INFOPLIST_FILE = "miPolicia Extension/Info.plist";
				LD_RUNPATH_SEARCH_PATHS = "$(inherited) @executable_path/Frameworks @executable_path/../../Frameworks";
				PRODUCT_BUNDLE_IDENTIFIER = mx.itesm.ccm.miPolicia.v2.watchkitapp.watchkitextension;
				PRODUCT_NAME = "${TARGET_NAME}";
				PROVISIONING_PROFILE = "";
				SDKROOT = watchos;
				SKIP_INSTALL = YES;
				TARGETED_DEVICE_FAMILY = 4;
				WATCHOS_DEPLOYMENT_TARGET = 2.2;
			};
			name = Release;
		};
		5666C8F41AF8046A00EAF9B4 /* Debug */ = {
			isa = XCBuildConfiguration;
			buildSettings = {
				ALWAYS_SEARCH_USER_PATHS = NO;
				CLANG_CXX_LANGUAGE_STANDARD = "gnu++0x";
				CLANG_CXX_LIBRARY = "libc++";
				CLANG_ENABLE_MODULES = YES;
				CLANG_ENABLE_OBJC_ARC = YES;
				CLANG_WARN_BOOL_CONVERSION = YES;
				CLANG_WARN_CONSTANT_CONVERSION = YES;
				CLANG_WARN_DIRECT_OBJC_ISA_USAGE = YES_ERROR;
				CLANG_WARN_EMPTY_BODY = YES;
				CLANG_WARN_ENUM_CONVERSION = YES;
				CLANG_WARN_INT_CONVERSION = YES;
				CLANG_WARN_OBJC_ROOT_CLASS = YES_ERROR;
				CLANG_WARN_UNREACHABLE_CODE = YES;
				CLANG_WARN__DUPLICATE_METHOD_MATCH = YES;
				"CODE_SIGN_IDENTITY[sdk=iphoneos*]" = "iPhone Developer";
				COPY_PHASE_STRIP = NO;
				DEBUG_INFORMATION_FORMAT = "dwarf-with-dsym";
				ENABLE_STRICT_OBJC_MSGSEND = YES;
				ENABLE_TESTABILITY = YES;
				GCC_C_LANGUAGE_STANDARD = gnu99;
				GCC_DYNAMIC_NO_PIC = NO;
				GCC_NO_COMMON_BLOCKS = YES;
				GCC_OPTIMIZATION_LEVEL = 0;
				GCC_PREPROCESSOR_DEFINITIONS = (
					"DEBUG=1",
					"$(inherited)",
				);
				GCC_SYMBOLS_PRIVATE_EXTERN = NO;
				GCC_WARN_64_TO_32_BIT_CONVERSION = YES;
				GCC_WARN_ABOUT_RETURN_TYPE = YES_ERROR;
				GCC_WARN_UNDECLARED_SELECTOR = YES;
				GCC_WARN_UNINITIALIZED_AUTOS = YES_AGGRESSIVE;
				GCC_WARN_UNUSED_FUNCTION = YES;
				GCC_WARN_UNUSED_VARIABLE = YES;
				IPHONEOS_DEPLOYMENT_TARGET = 8.3;
				MTL_ENABLE_DEBUG_INFO = YES;
				ONLY_ACTIVE_ARCH = YES;
				SDKROOT = iphoneos;
				SWIFT_OPTIMIZATION_LEVEL = "-Onone";
			};
			name = Debug;
		};
		5666C8F51AF8046A00EAF9B4 /* Release */ = {
			isa = XCBuildConfiguration;
			buildSettings = {
				ALWAYS_SEARCH_USER_PATHS = NO;
				CLANG_CXX_LANGUAGE_STANDARD = "gnu++0x";
				CLANG_CXX_LIBRARY = "libc++";
				CLANG_ENABLE_MODULES = YES;
				CLANG_ENABLE_OBJC_ARC = YES;
				CLANG_WARN_BOOL_CONVERSION = YES;
				CLANG_WARN_CONSTANT_CONVERSION = YES;
				CLANG_WARN_DIRECT_OBJC_ISA_USAGE = YES_ERROR;
				CLANG_WARN_EMPTY_BODY = YES;
				CLANG_WARN_ENUM_CONVERSION = YES;
				CLANG_WARN_INT_CONVERSION = YES;
				CLANG_WARN_OBJC_ROOT_CLASS = YES_ERROR;
				CLANG_WARN_UNREACHABLE_CODE = YES;
				CLANG_WARN__DUPLICATE_METHOD_MATCH = YES;
				"CODE_SIGN_IDENTITY[sdk=iphoneos*]" = "iPhone Developer";
				COPY_PHASE_STRIP = NO;
				DEBUG_INFORMATION_FORMAT = "dwarf-with-dsym";
				ENABLE_NS_ASSERTIONS = NO;
				ENABLE_STRICT_OBJC_MSGSEND = YES;
				GCC_C_LANGUAGE_STANDARD = gnu99;
				GCC_NO_COMMON_BLOCKS = YES;
				GCC_WARN_64_TO_32_BIT_CONVERSION = YES;
				GCC_WARN_ABOUT_RETURN_TYPE = YES_ERROR;
				GCC_WARN_UNDECLARED_SELECTOR = YES;
				GCC_WARN_UNINITIALIZED_AUTOS = YES_AGGRESSIVE;
				GCC_WARN_UNUSED_FUNCTION = YES;
				GCC_WARN_UNUSED_VARIABLE = YES;
				IPHONEOS_DEPLOYMENT_TARGET = 8.3;
				MTL_ENABLE_DEBUG_INFO = NO;
				SDKROOT = iphoneos;
				VALIDATE_PRODUCT = YES;
			};
			name = Release;
		};
		5666C8F71AF8046A00EAF9B4 /* Debug */ = {
			isa = XCBuildConfiguration;
			buildSettings = {
				ASSETCATALOG_COMPILER_APPICON_NAME = AppIcon;
				CODE_SIGN_IDENTITY = "iPhone Developer";
				"CODE_SIGN_IDENTITY[sdk=iphoneos*]" = "iPhone Developer";
				INFOPLIST_FILE = SwiftMapKit/Info.plist;
				IPHONEOS_DEPLOYMENT_TARGET = 9.0;
				LD_RUNPATH_SEARCH_PATHS = "$(inherited) @executable_path/Frameworks";
				PRODUCT_BUNDLE_IDENTIFIER = mx.itesm.ccm.miPolicia.v2;
				PRODUCT_NAME = "Mi Policia";
				PROVISIONING_PROFILE = "";
			};
			name = Debug;
		};
		5666C8F81AF8046A00EAF9B4 /* Release */ = {
			isa = XCBuildConfiguration;
			buildSettings = {
				ASSETCATALOG_COMPILER_APPICON_NAME = AppIcon;
				CODE_SIGN_IDENTITY = "iPhone Developer";
				"CODE_SIGN_IDENTITY[sdk=iphoneos*]" = "iPhone Developer";
				INFOPLIST_FILE = SwiftMapKit/Info.plist;
				IPHONEOS_DEPLOYMENT_TARGET = 9.0;
				LD_RUNPATH_SEARCH_PATHS = "$(inherited) @executable_path/Frameworks";
				PRODUCT_BUNDLE_IDENTIFIER = mx.itesm.ccm.miPolicia.v2;
				PRODUCT_NAME = "Mi Policia";
				PROVISIONING_PROFILE = "";
			};
			name = Release;
		};
		5666C8FA1AF8046A00EAF9B4 /* Debug */ = {
			isa = XCBuildConfiguration;
			buildSettings = {
				BUNDLE_LOADER = "$(TEST_HOST)";
				FRAMEWORK_SEARCH_PATHS = (
					"$(SDKROOT)/Developer/Library/Frameworks",
					"$(inherited)",
				);
				GCC_PREPROCESSOR_DEFINITIONS = (
					"DEBUG=1",
					"$(inherited)",
				);
				INFOPLIST_FILE = SwiftMapKitTests/Info.plist;
				LD_RUNPATH_SEARCH_PATHS = "$(inherited) @executable_path/Frameworks @loader_path/Frameworks";
				PRODUCT_BUNDLE_IDENTIFIER = "mx.itesm.ccm.$(PRODUCT_NAME:rfc1034identifier)";
				PRODUCT_NAME = "Mi Policia";
				TEST_HOST = "$(BUILT_PRODUCTS_DIR)/Mi Policia.app/Mi Policia";
			};
			name = Debug;
		};
		5666C8FB1AF8046A00EAF9B4 /* Release */ = {
			isa = XCBuildConfiguration;
			buildSettings = {
				BUNDLE_LOADER = "$(TEST_HOST)";
				FRAMEWORK_SEARCH_PATHS = (
					"$(SDKROOT)/Developer/Library/Frameworks",
					"$(inherited)",
				);
				INFOPLIST_FILE = SwiftMapKitTests/Info.plist;
				LD_RUNPATH_SEARCH_PATHS = "$(inherited) @executable_path/Frameworks @loader_path/Frameworks";
				PRODUCT_BUNDLE_IDENTIFIER = "mx.itesm.ccm.$(PRODUCT_NAME:rfc1034identifier)";
				PRODUCT_NAME = "Mi Policia";
				TEST_HOST = "$(BUILT_PRODUCTS_DIR)/Mi Policia.app/Mi Policia";
			};
			name = Release;
		};
/* End XCBuildConfiguration section */

/* Begin XCConfigurationList section */
		3356CA781CB8A0C600A6A7C4 /* Build configuration list for PBXNativeTarget "miPolicia Extension" */ = {
			isa = XCConfigurationList;
			buildConfigurations = (
				3356CA761CB8A0C600A6A7C4 /* Debug */,
				3356CA771CB8A0C600A6A7C4 /* Release */,
			);
			defaultConfigurationIsVisible = 0;
			defaultConfigurationName = Release;
		};
		3356CA7A1CB8A0C600A6A7C4 /* Build configuration list for PBXNativeTarget "miPolicia" */ = {
			isa = XCConfigurationList;
			buildConfigurations = (
				3356CA741CB8A0C600A6A7C4 /* Debug */,
				3356CA751CB8A0C600A6A7C4 /* Release */,
			);
			defaultConfigurationIsVisible = 0;
			defaultConfigurationName = Release;
		};
		5666C8D21AF8046A00EAF9B4 /* Build configuration list for PBXProject "Mi Policia" */ = {
			isa = XCConfigurationList;
			buildConfigurations = (
				5666C8F41AF8046A00EAF9B4 /* Debug */,
				5666C8F51AF8046A00EAF9B4 /* Release */,
			);
			defaultConfigurationIsVisible = 0;
			defaultConfigurationName = Release;
		};
		5666C8F61AF8046A00EAF9B4 /* Build configuration list for PBXNativeTarget "Mi Policia" */ = {
			isa = XCConfigurationList;
			buildConfigurations = (
				5666C8F71AF8046A00EAF9B4 /* Debug */,
				5666C8F81AF8046A00EAF9B4 /* Release */,
			);
			defaultConfigurationIsVisible = 0;
			defaultConfigurationName = Release;
		};
		5666C8F91AF8046A00EAF9B4 /* Build configuration list for PBXNativeTarget "Mi PoliciaTests" */ = {
			isa = XCConfigurationList;
			buildConfigurations = (
				5666C8FA1AF8046A00EAF9B4 /* Debug */,
				5666C8FB1AF8046A00EAF9B4 /* Release */,
			);
			defaultConfigurationIsVisible = 0;
			defaultConfigurationName = Release;
		};
/* End XCConfigurationList section */
	};
	rootObject = 5666C8CF1AF8046A00EAF9B4 /* Project object */;
}
